
Microsoft Visual Studio Solution File, Format Version 12.00
# Visual Studio Version 17
VisualStudioVersion = 17.14.36511.14
MinimumVisualStudioVersion = 10.0.40219.1
Project("{FAE04EC0-301F-11D3-BF4B-00C04F79EFBC}") = "LogicLibrary", "LogicLibrary\LogicLibrary.csproj", "{A0CE0975-C7F5-489C-A86C-FC6280417DB2}"
EndProject
Project("{FAE04EC0-301F-11D3-BF4B-00C04F79EFBC}") = "ConsoleApp", "ConsoleApp\ConsoleApp.csproj", "{63228EF9-A621-421B-B652-6446165803D7}"
EndProject
Project("{FAE04EC0-301F-11D3-BF4B-00C04F79EFBC}") = "WindowsFormsApp", "WindowsFormsApp\WindowsFormsApp.csproj", "{0F896C40-8D70-40EC-AFA3-A487F7044563}"
EndProject
Project("{FAE04EC0-301F-11D3-BF4B-00C04F79EFBC}") = "WebApplication", "WebApplication\WebApplication.csproj", "{54FC291F-87BE-4D9F-9E50-E9908594E20B}"
EndProject
Global
	GlobalSection(SolutionConfigurationPlatforms) = preSolution
		Debug|Any CPU = Debug|Any CPU
		Release|Any CPU = Release|Any CPU
	EndGlobalSection
	GlobalSection(ProjectConfigurationPlatforms) = postSolution
		{A0CE0975-C7F5-489C-A86C-FC6280417DB2}.Debug|Any CPU.ActiveCfg = Debug|Any CPU
		{A0CE0975-C7F5-489C-A86C-FC6280417DB2}.Debug|Any CPU.Build.0 = Debug|Any CPU
		{A0CE0975-C7F5-489C-A86C-FC6280417DB2}.Release|Any CPU.ActiveCfg = Release|Any CPU
		{A0CE0975-C7F5-489C-A86C-FC6280417DB2}.Release|Any CPU.Build.0 = Release|Any CPU
		{63228EF9-A621-421B-B652-6446165803D7}.Debug|Any CPU.ActiveCfg = Debug|Any CPU
		{63228EF9-A621-421B-B652-6446165803D7}.Debug|Any CPU.Build.0 = Debug|Any CPU
		{63228EF9-A621-421B-B652-6446165803D7}.Release|Any CPU.ActiveCfg = Release|Any CPU
		{63228EF9-A621-421B-B652-6446165803D7}.Release|Any CPU.Build.0 = Release|Any CPU
		{0F896C40-8D70-40EC-AFA3-A487F7044563}.Debug|Any CPU.ActiveCfg = Debug|Any CPU
		{0F896C40-8D70-40EC-AFA3-A487F7044563}.Debug|Any CPU.Build.0 = Debug|Any CPU
		{0F896C40-8D70-40EC-AFA3-A487F7044563}.Release|Any CPU.ActiveCfg = Release|Any CPU
		{0F896C40-8D70-40EC-AFA3-A487F7044563}.Release|Any CPU.Build.0 = Release|Any CPU
		{54FC291F-87BE-4D9F-9E50-E9908594E20B}.Debug|Any CPU.ActiveCfg = Debug|Any CPU
		{54FC291F-87BE-4D9F-9E50-E9908594E20B}.Debug|Any CPU.Build.0 = Debug|Any CPU
		{54FC291F-87BE-4D9F-9E50-E9908594E20B}.Release|Any CPU.ActiveCfg = Release|Any CPU
		{54FC291F-87BE-4D9F-9E50-E9908594E20B}.Release|Any CPU.Build.0 = Release|Any CPU
	EndGlobalSection
	GlobalSection(SolutionProperties) = preSolution
		HideSolutionNode = FALSE
	EndGlobalSection
	GlobalSection(ExtensibilityGlobals) = postSolution
		SolutionGuid = {665CCE72-50BF-4136-84D9-6304C92C47D4}
	EndGlobalSection
EndGlobal
